<?xml version="1.0" encoding="utf-8"?>
<Project ToolsVersion="4.0" xmlns="http://schemas.microsoft.com/developer/msbuild/2003">
  <ItemGroup>
    <Filter Include="Source Files">
      <UniqueIdentifier>{4FC737F1-C7A5-4376-A066-2A32D752A2FF}</UniqueIdentifier>
      <Extensions>cpp;c;cc;cxx;c++;cppm;ixx;def;odl;idl;hpj;bat;asm;asmx</Extensions>
    </Filter>
    <Filter Include="Header Files">
      <UniqueIdentifier>{93995380-89BD-4b04-88EB-625FBE52EBFB}</UniqueIdentifier>
      <Extensions>h;hh;hpp;hxx;h++;hm;inl;inc;ipp;xsd</Extensions>
    </Filter>
    <Filter Include="shaders">
      <UniqueIdentifier>{9fb3f89d-d67d-4ff5-885e-fab4601df355}</UniqueIdentifier>
    </Filter>
    <Filter Include="Extern">
      <UniqueIdentifier>{51f947a1-f848-4316-8bb6-ae4426c8ffa8}</UniqueIdentifier>
    </Filter>
    <Filter Include="Extern\imgui">
      <UniqueIdentifier>{e0bee483-b25d-4d45-9759-e89a9c367513}</UniqueIdentifier>
    </Filter>
    <Filter Include="Extern\glfw">
      <UniqueIdentifier>{8ca37cce-89dd-4c38-82a0-dbee24a71ba7}</UniqueIdentifier>
    </Filter>
    <Filter Include="Extern\stb">
      <UniqueIdentifier>{d64c5770-3eb5-45b5-8653-f64077042eb0}</UniqueIdentifier>
    </Filter>
    <Filter Include="Extern\tinygltf">
      <UniqueIdentifier>{731023d8-68e1-4064-a10e-35d35b864e36}</UniqueIdentifier>
    </Filter>
    <Filter Include="Extern\volk">
      <UniqueIdentifier>{3e366fbb-0035-405e-a6e6-ca17ed84628e}</UniqueIdentifier>
    </Filter>
    <Filter Include="Extern\SPIRV-Reflect">
      <UniqueIdentifier>{703e81da-c357-401f-979d-e930ceb77026}</UniqueIdentifier>
    </Filter>
  </ItemGroup>
  <ItemGroup>
    <ClCompile Include="main.cpp">
      <Filter>Source Files</Filter>
    </ClCompile>
    <ClCompile Include="..\Extern\glfw\src\context.c">
      <Filter>Extern\glfw</Filter>
    </ClCompile>
    <ClCompile Include="..\Extern\glfw\src\egl_context.c">
      <Filter>Extern\glfw</Filter>
    </ClCompile>
    <ClCompile Include="..\Extern\glfw\src\init.c">
      <Filter>Extern\glfw</Filter>
    </ClCompile>
    <ClCompile Include="..\Extern\glfw\src\input.c">
      <Filter>Extern\glfw</Filter>
    </ClCompile>
    <ClCompile Include="..\Extern\glfw\src\monitor.c">
      <Filter>Extern\glfw</Filter>
    </ClCompile>
    <ClCompile Include="..\Extern\glfw\src\osmesa_context.c">
      <Filter>Extern\glfw</Filter>
    </ClCompile>
    <ClCompile Include="..\Extern\glfw\src\vulkan.c">
      <Filter>Extern\glfw</Filter>
    </ClCompile>
    <ClCompile Include="..\Extern\glfw\src\wgl_context.c">
      <Filter>Extern\glfw</Filter>
    </ClCompile>
    <ClCompile Include="..\Extern\glfw\src\win32_init.c">
      <Filter>Extern\glfw</Filter>
    </ClCompile>
    <ClCompile Include="..\Extern\glfw\src\win32_joystick.c">
      <Filter>Extern\glfw</Filter>
    </ClCompile>
    <ClCompile Include="..\Extern\glfw\src\win32_module.c">
      <Filter>Extern\glfw</Filter>
    </ClCompile>
    <ClCompile Include="..\Extern\glfw\src\win32_monitor.c">
      <Filter>Extern\glfw</Filter>
    </ClCompile>
    <ClCompile Include="..\Extern\glfw\src\win32_thread.c">
      <Filter>Extern\glfw</Filter>
    </ClCompile>
    <ClCompile Include="..\Extern\glfw\src\win32_time.c">
      <Filter>Extern\glfw</Filter>
    </ClCompile>
    <ClCompile Include="..\Extern\glfw\src\win32_window.c">
      <Filter>Extern\glfw</Filter>
    </ClCompile>
    <ClCompile Include="..\Extern\glfw\src\window.c">
      <Filter>Extern\glfw</Filter>
    </ClCompile>
    <ClCompile Include="..\Extern\glfw\src\platform.c">
      <Filter>Extern\glfw</Filter>
    </ClCompile>
    <ClCompile Include="..\Extern\glfw\src\null_init.c">
      <Filter>Extern\glfw</Filter>
    </ClCompile>
    <ClCompile Include="..\Extern\glfw\src\null_joystick.c">
      <Filter>Extern\glfw</Filter>
    </ClCompile>
    <ClCompile Include="..\Extern\glfw\src\null_monitor.c">
      <Filter>Extern\glfw</Filter>
    </ClCompile>
    <ClCompile Include="..\Extern\glfw\src\null_window.c">
      <Filter>Extern\glfw</Filter>
    </ClCompile>
    <ClCompile Include="..\Extern\volk\volk.c">
      <Filter>Extern\volk</Filter>
    </ClCompile>
    <ClCompile Include="..\Extern\imgui\backends\imgui_impl_glfw.cpp">
      <Filter>Extern\imgui</Filter>
    </ClCompile>
    <ClCompile Include="..\Extern\imgui\imgui.cpp">
      <Filter>Extern\imgui</Filter>
    </ClCompile>
    <ClCompile Include="..\Extern\imgui\imgui_demo.cpp">
      <Filter>Extern\imgui</Filter>
    </ClCompile>
    <ClCompile Include="..\Extern\imgui\imgui_draw.cpp">
      <Filter>Extern\imgui</Filter>
    </ClCompile>
    <ClCompile Include="..\Extern\imgui\imgui_tables.cpp">
      <Filter>Extern\imgui</Filter>
    </ClCompile>
    <ClCompile Include="..\Extern\imgui\imgui_widgets.cpp">
      <Filter>Extern\imgui</Filter>
    </ClCompile>
    <ClCompile Include="Swapchain.cpp">
      <Filter>Source Files</Filter>
    </ClCompile>
    <ClCompile Include="Device.cpp">
      <Filter>Source Files</Filter>
    </ClCompile>
    <ClCompile Include="Texture.cpp">
      <Filter>Source Files</Filter>
    </ClCompile>
    <ClCompile Include="UIOverlay.cpp">
      <Filter>Source Files</Filter>
    </ClCompile>
    <ClCompile Include="Tools.cpp">
      <Filter>Source Files</Filter>
    </ClCompile>
    <ClCompile Include="GLTF.cpp">
      <Filter>Source Files</Filter>
    </ClCompile>
    <ClCompile Include="Common.cpp">
      <Filter>Source Files</Filter>
    </ClCompile>
    <ClCompile Include="..\Extern\SPIRV-Reflect\spirv_reflect.c">
      <Filter>Extern\SPIRV-Reflect</Filter>
    </ClCompile>
  </ItemGroup>
  <ItemGroup>
    <ClInclude Include="..\Extern\glfw\src\win32_joystick.h">
      <Filter>Extern\glfw</Filter>
    </ClInclude>
    <ClInclude Include="..\Extern\glfw\src\win32_platform.h">
      <Filter>Extern\glfw</Filter>
    </ClInclude>
    <ClInclude Include="..\Extern\glfw\src\win32_thread.h">
      <Filter>Extern\glfw</Filter>
    </ClInclude>
    <ClInclude Include="..\Extern\glfw\src\win32_time.h">
      <Filter>Extern\glfw</Filter>
    </ClInclude>
    <ClInclude Include="..\Extern\glfw\src\internal.h">
      <Filter>Extern\glfw</Filter>
    </ClInclude>
    <ClInclude Include="..\Extern\glfw\src\platform.h">
      <Filter>Extern\glfw</Filter>
    </ClInclude>
    <ClInclude Include="..\Extern\glfw\src\null_joystick.h">
      <Filter>Extern\glfw</Filter>
    </ClInclude>
    <ClInclude Include="..\Extern\glfw\src\null_platform.h">
      <Filter>Extern\glfw</Filter>
    </ClInclude>
    <ClInclude Include="..\Extern\volk\volk.h">
      <Filter>Extern\volk</Filter>
    </ClInclude>
    <ClInclude Include="..\Extern\stb\stb_image.h">
      <Filter>Extern\stb</Filter>
    </ClInclude>
    <ClInclude Include="Camera.h">
      <Filter>Header Files</Filter>
    </ClInclude>
    <ClInclude Include="..\Extern\imgui\backends\imgui_impl_glfw.h">
      <Filter>Extern\imgui</Filter>
    </ClInclude>
    <ClInclude Include="..\Extern\imgui\imconfig.h">
      <Filter>Extern\imgui</Filter>
    </ClInclude>
    <ClInclude Include="..\Extern\imgui\imgui.h">
      <Filter>Extern\imgui</Filter>
    </ClInclude>
    <ClInclude Include="..\Extern\imgui\imstb_rectpack.h">
      <Filter>Extern\imgui</Filter>
    </ClInclude>
    <ClInclude Include="..\Extern\imgui\imstb_textedit.h">
      <Filter>Extern\imgui</Filter>
    </ClInclude>
    <ClInclude Include="..\Extern\imgui\imstb_truetype.h">
      <Filter>Extern\imgui</Filter>
    </ClInclude>
    <ClInclude Include="Swapchain.h">
      <Filter>Header Files</Filter>
    </ClInclude>
    <ClInclude Include="Device.h">
      <Filter>Header Files</Filter>
    </ClInclude>
    <ClInclude Include="Common.h">
      <Filter>Header Files</Filter>
    </ClInclude>
    <ClInclude Include="Texture.h">
      <Filter>Header Files</Filter>
    </ClInclude>
    <ClInclude Include="UIOverlay.h">
      <Filter>Header Files</Filter>
    </ClInclude>
    <ClInclude Include="Tools.h">
      <Filter>Header Files</Filter>
    </ClInclude>
    <ClInclude Include="GLTF.h">
      <Filter>Header Files</Filter>
    </ClInclude>
    <ClInclude Include="..\Extern\tinygltf\tiny_gltf.h">
      <Filter>Extern\tinygltf</Filter>
    </ClInclude>
    <ClInclude Include="..\Extern\tinygltf\json.hpp">
      <Filter>Extern\tinygltf</Filter>
    </ClInclude>
    <ClInclude Include="..\Extern\SPIRV-Reflect\spirv_reflect.h">
      <Filter>Extern\SPIRV-Reflect</Filter>
    </ClInclude>
    <ClInclude Include="Shader.h">
      <Filter>Header Files</Filter>
    </ClInclude>
    <ClInclude Include="BindGroup.h">
      <Filter>Header Files</Filter>
    </ClInclude>
    <ClInclude Include="Pipeline.h">
      <Filter>Header Files</Filter>
    </ClInclude>
  </ItemGroup>
  <ItemGroup>
    <None Include="shaders\uioverlay.vert.glsl">
      <Filter>shaders</Filter>
    </None>
    <None Include="shaders\uioverlay.frag.glsl">
      <Filter>shaders</Filter>
    </None>
    <None Include="shaders\deferred.vert.glsl">
      <Filter>shaders</Filter>
    </None>
    <None Include="shaders\deferred.frag.glsl">
      <Filter>shaders</Filter>
    </None>
    <None Include="shaders\offscreen.vert.glsl">
      <Filter>shaders</Filter>
    </None>
    <None Include="shaders\offscreen.frag.glsl">
      <Filter>shaders</Filter>
    </None>
  </ItemGroup>
  <ItemGroup>
    <Natvis Include="..\Extern\glm\util\glm.natvis" />
  </ItemGroup>
</Project>