<?xml version="1.0" encoding="utf-8"?>
<Project ToolsVersion="4.0" xmlns="http://schemas.microsoft.com/developer/msbuild/2003">
  <ItemGroup>
    <Filter Include="Source Files">
      <UniqueIdentifier>{4FC737F1-C7A5-4376-A066-2A32D752A2FF}</UniqueIdentifier>
      <Extensions>cpp;c;cc;cxx;c++;cppm;ixx;def;odl;idl;hpj;bat;asm;asmx</Extensions>
    </Filter>
    <Filter Include="Extern">
      <UniqueIdentifier>{51f947a1-f848-4316-8bb6-ae4426c8ffa8}</UniqueIdentifier>
    </Filter>
    <Filter Include="Extern\imgui">
      <UniqueIdentifier>{e0bee483-b25d-4d45-9759-e89a9c367513}</UniqueIdentifier>
    </Filter>
    <Filter Include="Extern\glfw">
      <UniqueIdentifier>{8ca37cce-89dd-4c38-82a0-dbee24a71ba7}</UniqueIdentifier>
    </Filter>
    <Filter Include="Extern\stb">
      <UniqueIdentifier>{d64c5770-3eb5-45b5-8653-f64077042eb0}</UniqueIdentifier>
    </Filter>
    <Filter Include="Extern\tinygltf">
      <UniqueIdentifier>{731023d8-68e1-4064-a10e-35d35b864e36}</UniqueIdentifier>
    </Filter>
    <Filter Include="Extern\volk">
      <UniqueIdentifier>{3e366fbb-0035-405e-a6e6-ca17ed84628e}</UniqueIdentifier>
    </Filter>
    <Filter Include="Shaders">
      <UniqueIdentifier>{9fb3f89d-d67d-4ff5-885e-fab4601df355}</UniqueIdentifier>
    </Filter>
    <Filter Include="Natvis">
      <UniqueIdentifier>{49eb73f4-62c8-4e64-867c-215ad7f4473c}</UniqueIdentifier>
    </Filter>
    <Filter Include="Include">
      <UniqueIdentifier>{46049645-989b-4963-bbe6-803e32865924}</UniqueIdentifier>
    </Filter>
    <Filter Include="Core">
      <UniqueIdentifier>{881c7744-6360-4930-813f-a75324280754}</UniqueIdentifier>
    </Filter>
    <Filter Include="Vulkan">
      <UniqueIdentifier>{4bf62bf9-fe4f-4c7a-a63d-71fd2e5a0697}</UniqueIdentifier>
    </Filter>
    <Filter Include="Rendering">
      <UniqueIdentifier>{4bb94f04-b60b-4541-b5ad-3d7b403ac867}</UniqueIdentifier>
    </Filter>
    <Filter Include="Extern\SPIRV-Cross">
      <UniqueIdentifier>{153759a8-dedf-4dc8-819d-a38b7d75fb6c}</UniqueIdentifier>
    </Filter>
    <Filter Include="Extern\VulkanMemoryAllocator">
      <UniqueIdentifier>{73ed28c7-de64-4e5a-98e5-f9b8cd325092}</UniqueIdentifier>
    </Filter>
  </ItemGroup>
  <ItemGroup>
    <ClCompile Include="main.cpp">
      <Filter>Source Files</Filter>
    </ClCompile>
    <ClCompile Include="..\Extern\glfw\src\context.c">
      <Filter>Extern\glfw</Filter>
    </ClCompile>
    <ClCompile Include="..\Extern\glfw\src\egl_context.c">
      <Filter>Extern\glfw</Filter>
    </ClCompile>
    <ClCompile Include="..\Extern\glfw\src\init.c">
      <Filter>Extern\glfw</Filter>
    </ClCompile>
    <ClCompile Include="..\Extern\glfw\src\input.c">
      <Filter>Extern\glfw</Filter>
    </ClCompile>
    <ClCompile Include="..\Extern\glfw\src\monitor.c">
      <Filter>Extern\glfw</Filter>
    </ClCompile>
    <ClCompile Include="..\Extern\glfw\src\osmesa_context.c">
      <Filter>Extern\glfw</Filter>
    </ClCompile>
    <ClCompile Include="..\Extern\glfw\src\vulkan.c">
      <Filter>Extern\glfw</Filter>
    </ClCompile>
    <ClCompile Include="..\Extern\glfw\src\wgl_context.c">
      <Filter>Extern\glfw</Filter>
    </ClCompile>
    <ClCompile Include="..\Extern\glfw\src\win32_init.c">
      <Filter>Extern\glfw</Filter>
    </ClCompile>
    <ClCompile Include="..\Extern\glfw\src\win32_joystick.c">
      <Filter>Extern\glfw</Filter>
    </ClCompile>
    <ClCompile Include="..\Extern\glfw\src\win32_module.c">
      <Filter>Extern\glfw</Filter>
    </ClCompile>
    <ClCompile Include="..\Extern\glfw\src\win32_monitor.c">
      <Filter>Extern\glfw</Filter>
    </ClCompile>
    <ClCompile Include="..\Extern\glfw\src\win32_thread.c">
      <Filter>Extern\glfw</Filter>
    </ClCompile>
    <ClCompile Include="..\Extern\glfw\src\win32_time.c">
      <Filter>Extern\glfw</Filter>
    </ClCompile>
    <ClCompile Include="..\Extern\glfw\src\win32_window.c">
      <Filter>Extern\glfw</Filter>
    </ClCompile>
    <ClCompile Include="..\Extern\glfw\src\window.c">
      <Filter>Extern\glfw</Filter>
    </ClCompile>
    <ClCompile Include="..\Extern\glfw\src\platform.c">
      <Filter>Extern\glfw</Filter>
    </ClCompile>
    <ClCompile Include="..\Extern\glfw\src\null_init.c">
      <Filter>Extern\glfw</Filter>
    </ClCompile>
    <ClCompile Include="..\Extern\glfw\src\null_joystick.c">
      <Filter>Extern\glfw</Filter>
    </ClCompile>
    <ClCompile Include="..\Extern\glfw\src\null_monitor.c">
      <Filter>Extern\glfw</Filter>
    </ClCompile>
    <ClCompile Include="..\Extern\glfw\src\null_window.c">
      <Filter>Extern\glfw</Filter>
    </ClCompile>
    <ClCompile Include="..\Extern\volk\volk.c">
      <Filter>Extern\volk</Filter>
    </ClCompile>
    <ClCompile Include="..\Extern\imgui\backends\imgui_impl_glfw.cpp">
      <Filter>Extern\imgui</Filter>
    </ClCompile>
    <ClCompile Include="..\Extern\imgui\imgui.cpp">
      <Filter>Extern\imgui</Filter>
    </ClCompile>
    <ClCompile Include="..\Extern\imgui\imgui_demo.cpp">
      <Filter>Extern\imgui</Filter>
    </ClCompile>
    <ClCompile Include="..\Extern\imgui\imgui_draw.cpp">
      <Filter>Extern\imgui</Filter>
    </ClCompile>
    <ClCompile Include="..\Extern\imgui\imgui_tables.cpp">
      <Filter>Extern\imgui</Filter>
    </ClCompile>
    <ClCompile Include="..\Extern\imgui\imgui_widgets.cpp">
      <Filter>Extern\imgui</Filter>
    </ClCompile>
    <ClCompile Include="Vulkan\VulkanDevice.cpp">
      <Filter>Vulkan</Filter>
    </ClCompile>
    <ClCompile Include="Vulkan\VulkanResourceManager.cpp">
      <Filter>Vulkan</Filter>
    </ClCompile>
    <ClCompile Include="..\Extern\SPIRV-Cross\spirv_cfg.cpp">
      <Filter>Extern\SPIRV-Cross</Filter>
    </ClCompile>
    <ClCompile Include="..\Extern\SPIRV-Cross\spirv_cross.cpp">
      <Filter>Extern\SPIRV-Cross</Filter>
    </ClCompile>
    <ClCompile Include="..\Extern\SPIRV-Cross\spirv_cross_parsed_ir.cpp">
      <Filter>Extern\SPIRV-Cross</Filter>
    </ClCompile>
    <ClCompile Include="..\Extern\SPIRV-Cross\spirv_parser.cpp">
      <Filter>Extern\SPIRV-Cross</Filter>
    </ClCompile>
    <ClCompile Include="Rendering\UIOverlay.cpp">
      <Filter>Rendering</Filter>
    </ClCompile>
    <ClCompile Include="Rendering\GLTFModel.cpp">
      <Filter>Rendering</Filter>
    </ClCompile>
    <ClCompile Include="Rendering\Shadows.cpp">
      <Filter>Rendering</Filter>
    </ClCompile>
    <ClCompile Include="Rendering\Camera.cpp">
      <Filter>Rendering</Filter>
    </ClCompile>
  </ItemGroup>
  <ItemGroup>
    <ClInclude Include="..\Extern\glfw\src\win32_joystick.h">
      <Filter>Extern\glfw</Filter>
    </ClInclude>
    <ClInclude Include="..\Extern\glfw\src\win32_platform.h">
      <Filter>Extern\glfw</Filter>
    </ClInclude>
    <ClInclude Include="..\Extern\glfw\src\win32_thread.h">
      <Filter>Extern\glfw</Filter>
    </ClInclude>
    <ClInclude Include="..\Extern\glfw\src\win32_time.h">
      <Filter>Extern\glfw</Filter>
    </ClInclude>
    <ClInclude Include="..\Extern\glfw\src\internal.h">
      <Filter>Extern\glfw</Filter>
    </ClInclude>
    <ClInclude Include="..\Extern\glfw\src\platform.h">
      <Filter>Extern\glfw</Filter>
    </ClInclude>
    <ClInclude Include="..\Extern\glfw\src\null_joystick.h">
      <Filter>Extern\glfw</Filter>
    </ClInclude>
    <ClInclude Include="..\Extern\glfw\src\null_platform.h">
      <Filter>Extern\glfw</Filter>
    </ClInclude>
    <ClInclude Include="..\Extern\volk\volk.h">
      <Filter>Extern\volk</Filter>
    </ClInclude>
    <ClInclude Include="..\Extern\imgui\backends\imgui_impl_glfw.h">
      <Filter>Extern\imgui</Filter>
    </ClInclude>
    <ClInclude Include="..\Extern\imgui\imconfig.h">
      <Filter>Extern\imgui</Filter>
    </ClInclude>
    <ClInclude Include="..\Extern\imgui\imgui.h">
      <Filter>Extern\imgui</Filter>
    </ClInclude>
    <ClInclude Include="..\Extern\imgui\imstb_rectpack.h">
      <Filter>Extern\imgui</Filter>
    </ClInclude>
    <ClInclude Include="..\Extern\imgui\imstb_textedit.h">
      <Filter>Extern\imgui</Filter>
    </ClInclude>
    <ClInclude Include="..\Extern\imgui\imstb_truetype.h">
      <Filter>Extern\imgui</Filter>
    </ClInclude>
    <ClInclude Include="..\Extern\tinygltf\tiny_gltf.h">
      <Filter>Extern\tinygltf</Filter>
    </ClInclude>
    <ClInclude Include="..\Extern\tinygltf\json.hpp">
      <Filter>Extern\tinygltf</Filter>
    </ClInclude>
    <ClInclude Include="Core\Device.h">
      <Filter>Core</Filter>
    </ClInclude>
    <ClInclude Include="Core\Graphics.h">
      <Filter>Core</Filter>
    </ClInclude>
    <ClInclude Include="Core\Pool.h">
      <Filter>Core</Filter>
    </ClInclude>
    <ClInclude Include="Core\ResourceManager.h">
      <Filter>Core</Filter>
    </ClInclude>
    <ClInclude Include="Core\Window.h">
      <Filter>Core</Filter>
    </ClInclude>
    <ClInclude Include="Vulkan\VulkanDevice.h">
      <Filter>Vulkan</Filter>
    </ClInclude>
    <ClInclude Include="Vulkan\VulkanHelpers.h">
      <Filter>Vulkan</Filter>
    </ClInclude>
    <ClInclude Include="Vulkan\VulkanResourceManager.h">
      <Filter>Vulkan</Filter>
    </ClInclude>
    <ClInclude Include="Rendering\Camera.h">
      <Filter>Rendering</Filter>
    </ClInclude>
    <ClInclude Include="Rendering\Shadows.h">
      <Filter>Rendering</Filter>
    </ClInclude>
    <ClInclude Include="Rendering\UIOverlay.h">
      <Filter>Rendering</Filter>
    </ClInclude>
    <ClInclude Include="span.h">
      <Filter>Include</Filter>
    </ClInclude>
    <ClInclude Include="..\Extern\SPIRV-Cross\GLSL.std.450.h">
      <Filter>Extern\SPIRV-Cross</Filter>
    </ClInclude>
    <ClInclude Include="..\Extern\SPIRV-Cross\spirv.hpp">
      <Filter>Extern\SPIRV-Cross</Filter>
    </ClInclude>
    <ClInclude Include="..\Extern\SPIRV-Cross\spirv_cfg.hpp">
      <Filter>Extern\SPIRV-Cross</Filter>
    </ClInclude>
    <ClInclude Include="..\Extern\SPIRV-Cross\spirv_common.hpp">
      <Filter>Extern\SPIRV-Cross</Filter>
    </ClInclude>
    <ClInclude Include="..\Extern\SPIRV-Cross\spirv_cross.hpp">
      <Filter>Extern\SPIRV-Cross</Filter>
    </ClInclude>
    <ClInclude Include="..\Extern\SPIRV-Cross\spirv_cross_containers.hpp">
      <Filter>Extern\SPIRV-Cross</Filter>
    </ClInclude>
    <ClInclude Include="..\Extern\SPIRV-Cross\spirv_cross_error_handling.hpp">
      <Filter>Extern\SPIRV-Cross</Filter>
    </ClInclude>
    <ClInclude Include="..\Extern\SPIRV-Cross\spirv_cross_parsed_ir.hpp">
      <Filter>Extern\SPIRV-Cross</Filter>
    </ClInclude>
    <ClInclude Include="..\Extern\SPIRV-Cross\spirv_parser.hpp">
      <Filter>Extern\SPIRV-Cross</Filter>
    </ClInclude>
    <ClInclude Include="..\Extern\VulkanMemoryAllocator\include\vk_mem_alloc.h">
      <Filter>Extern\VulkanMemoryAllocator</Filter>
    </ClInclude>
    <ClInclude Include="..\Extern\glfw\include\GLFW\glfw3.h">
      <Filter>Extern\glfw</Filter>
    </ClInclude>
    <ClInclude Include="Rendering\GLTFModel.h">
      <Filter>Rendering</Filter>
    </ClInclude>
    <ClInclude Include="..\Extern\stb\stb_image.h">
      <Filter>Extern\stb</Filter>
    </ClInclude>
    <ClInclude Include="..\Extern\stb\stb_image_write.h">
      <Filter>Extern\stb</Filter>
    </ClInclude>
  </ItemGroup>
  <ItemGroup>
    <None Include="shaders\uioverlay.vert.glsl">
      <Filter>Shaders</Filter>
    </None>
    <None Include="shaders\uioverlay.frag.glsl">
      <Filter>Shaders</Filter>
    </None>
    <None Include="shaders\deferred.vert.glsl">
      <Filter>Shaders</Filter>
    </None>
    <None Include="shaders\deferred.frag.glsl">
      <Filter>Shaders</Filter>
    </None>
    <None Include="shaders\offscreen.vert.glsl">
      <Filter>Shaders</Filter>
    </None>
    <None Include="shaders\offscreen.frag.glsl">
      <Filter>Shaders</Filter>
    </None>
    <None Include="shaders\skybox.vert.glsl">
      <Filter>Shaders</Filter>
    </None>
    <None Include="shaders\skybox.frag.glsl">
      <Filter>Shaders</Filter>
    </None>
    <None Include="shaders\shadowMap.vert.glsl">
      <Filter>Shaders</Filter>
    </None>
  </ItemGroup>
  <ItemGroup>
    <Natvis Include="..\Extern\glm\util\glm.natvis">
      <Filter>Natvis</Filter>
    </Natvis>
  </ItemGroup>
</Project>